github.com/google/uuid v1.1.1/go.mod h1:TIyPZe4MgqvfeYDBFedMoGGpEw/LqOeaOT+nhxU+yHo=
github.com/google/uuid v1.3.0 h1:t6JiXgmwXMjEs8VusXIJk2BXHsn+wx8BZdTaoZ5fu7I=
github.com/google/uuid v1.3.0/go.mod h1:TIyPZe4MgqvfeYDBFedMoGGpEw/LqOeaOT+nhxU+yHo=
github.com/microsoft/azure-devops-go-api/azuredevops v1.0.0-b5 h1:YH424zrwLTlyHSH/GzLMJeu5zhYVZSx5RQxGKm1h96s=
github.com/microsoft/azure-devops-go-api/azuredevops v1.0.0-b5/go.mod h1:PoGiBqKSQK1vIfQ+yVaFcGjDySHvym6FM1cNYnwzbrY=
