
Microsoft Visual Studio Solution File, Format Version 12.00
# Visual Studio Version 17
VisualStudioVersion = 17.0.31903.59
MinimumVisualStudioVersion = 10.0.40219.1
Project("{2150E333-8FDC-42A3-9474-1A3956D46DE8}") = "src", "src", "{BAB0C0BC-713E-43FF-9FDD-A3CBEB426793}"
EndProject
Project("{F2A71F9B-5D33-465A-A702-920D77279786}") = "Kup50", "src\Kup50\Kup50.fsproj", "{CDA5A2D2-E07F-45DA-9A15-82DC5CEEB42F}"
EndProject
Global
	GlobalSection(SolutionConfigurationPlatforms) = preSolution
		Debug|Any CPU = Debug|Any CPU
		Release|Any CPU = Release|Any CPU
	EndGlobalSection
	GlobalSection(SolutionProperties) = preSolution
		HideSolutionNode = FALSE
	EndGlobalSection
	GlobalSection(ProjectConfigurationPlatforms) = postSolution
		{CDA5A2D2-E07F-45DA-9A15-82DC5CEEB42F}.Debug|Any CPU.ActiveCfg = Debug|Any CPU
		{CDA5A2D2-E07F-45DA-9A15-82DC5CEEB42F}.Debug|Any CPU.Build.0 = Debug|Any CPU
		{CDA5A2D2-E07F-45DA-9A15-82DC5CEEB42F}.Release|Any CPU.ActiveCfg = Release|Any CPU
		{CDA5A2D2-E07F-45DA-9A15-82DC5CEEB42F}.Release|Any CPU.Build.0 = Release|Any CPU
	EndGlobalSection
	GlobalSection(NestedProjects) = preSolution
		{CDA5A2D2-E07F-45DA-9A15-82DC5CEEB42F} = {BAB0C0BC-713E-43FF-9FDD-A3CBEB426793}
	EndGlobalSection
EndGlobal
